
Microsoft Visual Studio Solution File, Format Version 12.00
# Visual Studio Version 16
VisualStudioVersion = 16.0.30413.136
MinimumVisualStudioVersion = 10.0.40219.1
Project("{FAE04EC0-301F-11D3-BF4B-00C04F79EFBC}") = "Projeto2", "Projeto2.csproj", "{9325FCFE-395E-4F9C-8F5C-1965E9881F6A}"
EndProject
Global
	GlobalSection(SolutionConfigurationPlatforms) = preSolution
		Debug|Any CPU = Debug|Any CPU
		Release|Any CPU = Release|Any CPU
	EndGlobalSection
	GlobalSection(ProjectConfigurationPlatforms) = postSolution
		{9325FCFE-395E-4F9C-8F5C-1965E9881F6A}.Debug|Any CPU.ActiveCfg = Debug|Any CPU
		{9325FCFE-395E-4F9C-8F5C-1965E9881F6A}.Debug|Any CPU.Build.0 = Debug|Any CPU
		{9325FCFE-395E-4F9C-8F5C-1965E9881F6A}.Release|Any CPU.ActiveCfg = Release|Any CPU
		{9325FCFE-395E-4F9C-8F5C-1965E9881F6A}.Release|Any CPU.Build.0 = Release|Any CPU
	EndGlobalSection
	GlobalSection(SolutionProperties) = preSolution
		HideSolutionNode = FALSE
	EndGlobalSection
	GlobalSection(ExtensibilityGlobals) = postSolution
		SolutionGuid = {438EBDCB-5B06-4A4E-B790-880B279445FD}
	EndGlobalSection
EndGlobal
