
Microsoft Visual Studio Solution File, Format Version 12.00
# Visual Studio 2012
Project("{FAE04EC0-301F-11D3-BF4B-00C04F79EFBC}") = "Volume Cilindro", "Volume Cilindro\Volume Cilindro.csproj", "{028AC1FE-2480-4CDA-89B6-02C12C705685}"
EndProject
Global
	GlobalSection(SolutionConfigurationPlatforms) = preSolution
		Debug|Any CPU = Debug|Any CPU
		Release|Any CPU = Release|Any CPU
	EndGlobalSection
	GlobalSection(ProjectConfigurationPlatforms) = postSolution
		{028AC1FE-2480-4CDA-89B6-02C12C705685}.Debug|Any CPU.ActiveCfg = Debug|Any CPU
		{028AC1FE-2480-4CDA-89B6-02C12C705685}.Debug|Any CPU.Build.0 = Debug|Any CPU
		{028AC1FE-2480-4CDA-89B6-02C12C705685}.Release|Any CPU.ActiveCfg = Release|Any CPU
		{028AC1FE-2480-4CDA-89B6-02C12C705685}.Release|Any CPU.Build.0 = Release|Any CPU
	EndGlobalSection
	GlobalSection(SolutionProperties) = preSolution
		HideSolutionNode = FALSE
	EndGlobalSection
EndGlobal
