
Microsoft Visual Studio Solution File, Format Version 12.00
# Visual Studio Version 16
VisualStudioVersion = 16.0.30413.136
MinimumVisualStudioVersion = 10.0.40219.1
Project("{FAE04EC0-301F-11D3-BF4B-00C04F79EFBC}") = "Segundo projeto", "Segundo projeto.csproj", "{189DC0D6-901A-40CF-AEC6-9008105F92CB}"
EndProject
Global
	GlobalSection(SolutionConfigurationPlatforms) = preSolution
		Debug|Any CPU = Debug|Any CPU
		Release|Any CPU = Release|Any CPU
	EndGlobalSection
	GlobalSection(ProjectConfigurationPlatforms) = postSolution
		{189DC0D6-901A-40CF-AEC6-9008105F92CB}.Debug|Any CPU.ActiveCfg = Debug|Any CPU
		{189DC0D6-901A-40CF-AEC6-9008105F92CB}.Debug|Any CPU.Build.0 = Debug|Any CPU
		{189DC0D6-901A-40CF-AEC6-9008105F92CB}.Release|Any CPU.ActiveCfg = Release|Any CPU
		{189DC0D6-901A-40CF-AEC6-9008105F92CB}.Release|Any CPU.Build.0 = Release|Any CPU
	EndGlobalSection
	GlobalSection(SolutionProperties) = preSolution
		HideSolutionNode = FALSE
	EndGlobalSection
	GlobalSection(ExtensibilityGlobals) = postSolution
		SolutionGuid = {B3612EED-0EDE-4D7F-811A-10B0FB6F87BF}
	EndGlobalSection
EndGlobal
